// !$*UTF8*$!
{
	archiveVersion = 1;
	classes = {
	};
	objectVersion = 56;
	objects = {

/* Begin PBXBuildFile section */
		B90F03C42BC735D7000C1F8F /* LocalFileManager.swift in Sources */ = {isa = PBXBuildFile; fileRef = B90F03C32BC735D7000C1F8F /* LocalFileManager.swift */; };
		B90F03C62BC784E2000C1F8F /* SearchBarView.swift in Sources */ = {isa = PBXBuildFile; fileRef = B90F03C52BC784E2000C1F8F /* SearchBarView.swift */; };
		B90F03C82BC791B3000C1F8F /* UIApplication+Extension.swift in Sources */ = {isa = PBXBuildFile; fileRef = B90F03C72BC791B3000C1F8F /* UIApplication+Extension.swift */; };
		B90F03CA2BC79A50000C1F8F /* Statistic.swift in Sources */ = {isa = PBXBuildFile; fileRef = B90F03C92BC79A4F000C1F8F /* Statistic.swift */; };
		B90F03CC2BC79B2F000C1F8F /* StatisticView.swift in Sources */ = {isa = PBXBuildFile; fileRef = B90F03CB2BC79B2F000C1F8F /* StatisticView.swift */; };
		B90F03CE2BC79B67000C1F8F /* MockStatistic.swift in Sources */ = {isa = PBXBuildFile; fileRef = B90F03CD2BC79B67000C1F8F /* MockStatistic.swift */; };
		B90F03D02BC79F6B000C1F8F /* HomeStatisticsView.swift in Sources */ = {isa = PBXBuildFile; fileRef = B90F03CF2BC79F6B000C1F8F /* HomeStatisticsView.swift */; };
		B90F03D62BC7B320000C1F8F /* MarketData.swift in Sources */ = {isa = PBXBuildFile; fileRef = B90F03D52BC7B320000C1F8F /* MarketData.swift */; };
		B90F03D82BC7B995000C1F8F /* MarketDataService.swift in Sources */ = {isa = PBXBuildFile; fileRef = B90F03D72BC7B995000C1F8F /* MarketDataService.swift */; };
		B90F03DA2BC7C71E000C1F8F /* AddEditPortfolioView.swift in Sources */ = {isa = PBXBuildFile; fileRef = B90F03D92BC7C71E000C1F8F /* AddEditPortfolioView.swift */; };
		B90F03DC2BC7CB02000C1F8F /* XMarkButtonView.swift in Sources */ = {isa = PBXBuildFile; fileRef = B90F03DB2BC7CB02000C1F8F /* XMarkButtonView.swift */; };
		B90F03DE2BC7D16E000C1F8F /* CoinChipView.swift in Sources */ = {isa = PBXBuildFile; fileRef = B90F03DD2BC7D16E000C1F8F /* CoinChipView.swift */; };
		B90F03E12BC90198000C1F8F /* PortfolioContainer.xcdatamodeld in Sources */ = {isa = PBXBuildFile; fileRef = B90F03DF2BC90198000C1F8F /* PortfolioContainer.xcdatamodeld */; };
		B90F03E32BC9020C000C1F8F /* PortfolioDataService.swift in Sources */ = {isa = PBXBuildFile; fileRef = B90F03E22BC9020C000C1F8F /* PortfolioDataService.swift */; };
		B90F03E52BC91CF1000C1F8F /* HapticManager.swift in Sources */ = {isa = PBXBuildFile; fileRef = B90F03E42BC91CF1000C1F8F /* HapticManager.swift */; };
		B90F03EA2BC9341A000C1F8F /* DetailView.swift in Sources */ = {isa = PBXBuildFile; fileRef = B90F03E92BC9341A000C1F8F /* DetailView.swift */; };
		B90F03EC2BC94B7C000C1F8F /* CoinDetail.swift in Sources */ = {isa = PBXBuildFile; fileRef = B90F03EB2BC94B7C000C1F8F /* CoinDetail.swift */; };
		B90F03EE2BC94E92000C1F8F /* DetailViewModel.swift in Sources */ = {isa = PBXBuildFile; fileRef = B90F03ED2BC94E92000C1F8F /* DetailViewModel.swift */; };
		B90F03F02BC94EA7000C1F8F /* CoinDetailDataService.swift in Sources */ = {isa = PBXBuildFile; fileRef = B90F03EF2BC94EA7000C1F8F /* CoinDetailDataService.swift */; };
		B90F03F22BCA24AD000C1F8F /* ChartView.swift in Sources */ = {isa = PBXBuildFile; fileRef = B90F03F12BCA24AD000C1F8F /* ChartView.swift */; };
		B90F03F42BCA2DF7000C1F8F /* Date+Extension.swift in Sources */ = {isa = PBXBuildFile; fileRef = B90F03F32BCA2DF7000C1F8F /* Date+Extension.swift */; };
		B90F03F62BCB219B000C1F8F /* String+Extension.swift in Sources */ = {isa = PBXBuildFile; fileRef = B90F03F52BCB219B000C1F8F /* String+Extension.swift */; };
		B90F03FA2BCB46CA000C1F8F /* SettingsView.swift in Sources */ = {isa = PBXBuildFile; fileRef = B90F03F92BCB46CA000C1F8F /* SettingsView.swift */; };
		B91CCD722BBFFC2500DB901C /* TokenTrendApp.swift in Sources */ = {isa = PBXBuildFile; fileRef = B91CCD712BBFFC2500DB901C /* TokenTrendApp.swift */; };
		B91CCD742BBFFC2500DB901C /* ContentView.swift in Sources */ = {isa = PBXBuildFile; fileRef = B91CCD732BBFFC2500DB901C /* ContentView.swift */; };
		B91CCD762BBFFC2700DB901C /* Assets.xcassets in Resources */ = {isa = PBXBuildFile; fileRef = B91CCD752BBFFC2700DB901C /* Assets.xcassets */; };
		B91CCD792BBFFC2700DB901C /* Preview Assets.xcassets in Resources */ = {isa = PBXBuildFile; fileRef = B91CCD782BBFFC2700DB901C /* Preview Assets.xcassets */; };
		B99768652BCB5CF000246617 /* LaunchScreen.storyboard in Resources */ = {isa = PBXBuildFile; fileRef = B99768642BCB5CF000246617 /* LaunchScreen.storyboard */; };
		B99768672BCB600A00246617 /* LaunchView.swift in Sources */ = {isa = PBXBuildFile; fileRef = B99768662BCB600A00246617 /* LaunchView.swift */; };
		B9A8B1932BC4C04500D27DA1 /* CoinImageView.swift in Sources */ = {isa = PBXBuildFile; fileRef = B9A8B1922BC4C04500D27DA1 /* CoinImageView.swift */; };
		B9A8B1952BC4C1F000D27DA1 /* CoinImageService.swift in Sources */ = {isa = PBXBuildFile; fileRef = B9A8B1942BC4C1F000D27DA1 /* CoinImageService.swift */; };
		B9A8B1972BC4C4A700D27DA1 /* CoinImageViewModel.swift in Sources */ = {isa = PBXBuildFile; fileRef = B9A8B1962BC4C4A700D27DA1 /* CoinImageViewModel.swift */; };
		B9E81BB12BC3A12900469622 /* Color+Extension.swift in Sources */ = {isa = PBXBuildFile; fileRef = B9E81BB02BC3A12900469622 /* Color+Extension.swift */; };
		B9E81BB72BC3B2B700469622 /* HomeView.swift in Sources */ = {isa = PBXBuildFile; fileRef = B9E81BB62BC3B2B700469622 /* HomeView.swift */; };
		B9E81BBA2BC3B6B700469622 /* CircleButtonView.swift in Sources */ = {isa = PBXBuildFile; fileRef = B9E81BB92BC3B6B700469622 /* CircleButtonView.swift */; };
		B9E81BBC2BC3C11C00469622 /* CircleButtonViewAnimation.swift in Sources */ = {isa = PBXBuildFile; fileRef = B9E81BBB2BC3C11C00469622 /* CircleButtonViewAnimation.swift */; };
		B9E81BC12BC3C72400469622 /* Coin.swift in Sources */ = {isa = PBXBuildFile; fileRef = B9E81BC02BC3C72400469622 /* Coin.swift */; };
		B9E81BC32BC3D0EB00469622 /* CoinRowView.swift in Sources */ = {isa = PBXBuildFile; fileRef = B9E81BC22BC3D0EB00469622 /* CoinRowView.swift */; };
		B9E81BC52BC3D13700469622 /* PreviewProvider+Extension.swift in Sources */ = {isa = PBXBuildFile; fileRef = B9E81BC42BC3D13700469622 /* PreviewProvider+Extension.swift */; };
		B9E81BC72BC3D4A900469622 /* MockCoin.swift in Sources */ = {isa = PBXBuildFile; fileRef = B9E81BC62BC3D4A900469622 /* MockCoin.swift */; };
		B9E81BCA2BC3DD8200469622 /* Double+Extension.swift in Sources */ = {isa = PBXBuildFile; fileRef = B9E81BC92BC3DD8200469622 /* Double+Extension.swift */; };
		B9E81BCC2BC3E96F00469622 /* HomeViewModel.swift in Sources */ = {isa = PBXBuildFile; fileRef = B9E81BCB2BC3E96F00469622 /* HomeViewModel.swift */; };
		B9E81BCF2BC3EF0500469622 /* CoinDataService.swift in Sources */ = {isa = PBXBuildFile; fileRef = B9E81BCE2BC3EF0500469622 /* CoinDataService.swift */; };
		B9E81BD22BC4AF8700469622 /* NetworkingManager.swift in Sources */ = {isa = PBXBuildFile; fileRef = B9E81BD12BC4AF8600469622 /* NetworkingManager.swift */; };
/* End PBXBuildFile section */

/* Begin PBXFileReference section */
		B90F03C32BC735D7000C1F8F /* LocalFileManager.swift */ = {isa = PBXFileReference; lastKnownFileType = sourcecode.swift; path = LocalFileManager.swift; sourceTree = "<group>"; };
		B90F03C52BC784E2000C1F8F /* SearchBarView.swift */ = {isa = PBXFileReference; lastKnownFileType = sourcecode.swift; path = SearchBarView.swift; sourceTree = "<group>"; };
		B90F03C72BC791B3000C1F8F /* UIApplication+Extension.swift */ = {isa = PBXFileReference; lastKnownFileType = sourcecode.swift; path = "UIApplication+Extension.swift"; sourceTree = "<group>"; };
		B90F03C92BC79A4F000C1F8F /* Statistic.swift */ = {isa = PBXFileReference; lastKnownFileType = sourcecode.swift; path = Statistic.swift; sourceTree = "<group>"; };
		B90F03CB2BC79B2F000C1F8F /* StatisticView.swift */ = {isa = PBXFileReference; lastKnownFileType = sourcecode.swift; path = StatisticView.swift; sourceTree = "<group>"; };
		B90F03CD2BC79B67000C1F8F /* MockStatistic.swift */ = {isa = PBXFileReference; lastKnownFileType = sourcecode.swift; path = MockStatistic.swift; sourceTree = "<group>"; };
		B90F03CF2BC79F6B000C1F8F /* HomeStatisticsView.swift */ = {isa = PBXFileReference; lastKnownFileType = sourcecode.swift; path = HomeStatisticsView.swift; sourceTree = "<group>"; };
		B90F03D52BC7B320000C1F8F /* MarketData.swift */ = {isa = PBXFileReference; lastKnownFileType = sourcecode.swift; path = MarketData.swift; sourceTree = "<group>"; };
		B90F03D72BC7B995000C1F8F /* MarketDataService.swift */ = {isa = PBXFileReference; lastKnownFileType = sourcecode.swift; path = MarketDataService.swift; sourceTree = "<group>"; };
		B90F03D92BC7C71E000C1F8F /* AddEditPortfolioView.swift */ = {isa = PBXFileReference; lastKnownFileType = sourcecode.swift; path = AddEditPortfolioView.swift; sourceTree = "<group>"; };
		B90F03DB2BC7CB02000C1F8F /* XMarkButtonView.swift */ = {isa = PBXFileReference; lastKnownFileType = sourcecode.swift; path = XMarkButtonView.swift; sourceTree = "<group>"; };
		B90F03DD2BC7D16E000C1F8F /* CoinChipView.swift */ = {isa = PBXFileReference; lastKnownFileType = sourcecode.swift; path = CoinChipView.swift; sourceTree = "<group>"; };
		B90F03E02BC90198000C1F8F /* PortfolioContainer.xcdatamodel */ = {isa = PBXFileReference; lastKnownFileType = wrapper.xcdatamodel; path = PortfolioContainer.xcdatamodel; sourceTree = "<group>"; };
		B90F03E22BC9020C000C1F8F /* PortfolioDataService.swift */ = {isa = PBXFileReference; lastKnownFileType = sourcecode.swift; path = PortfolioDataService.swift; sourceTree = "<group>"; };
		B90F03E42BC91CF1000C1F8F /* HapticManager.swift */ = {isa = PBXFileReference; lastKnownFileType = sourcecode.swift; path = HapticManager.swift; sourceTree = "<group>"; };
		B90F03E92BC9341A000C1F8F /* DetailView.swift */ = {isa = PBXFileReference; lastKnownFileType = sourcecode.swift; path = DetailView.swift; sourceTree = "<group>"; };
		B90F03EB2BC94B7C000C1F8F /* CoinDetail.swift */ = {isa = PBXFileReference; lastKnownFileType = sourcecode.swift; path = CoinDetail.swift; sourceTree = "<group>"; };
		B90F03ED2BC94E92000C1F8F /* DetailViewModel.swift */ = {isa = PBXFileReference; lastKnownFileType = sourcecode.swift; path = DetailViewModel.swift; sourceTree = "<group>"; };
		B90F03EF2BC94EA7000C1F8F /* CoinDetailDataService.swift */ = {isa = PBXFileReference; lastKnownFileType = sourcecode.swift; path = CoinDetailDataService.swift; sourceTree = "<group>"; };
		B90F03F12BCA24AD000C1F8F /* ChartView.swift */ = {isa = PBXFileReference; lastKnownFileType = sourcecode.swift; path = ChartView.swift; sourceTree = "<group>"; };
		B90F03F32BCA2DF7000C1F8F /* Date+Extension.swift */ = {isa = PBXFileReference; lastKnownFileType = sourcecode.swift; path = "Date+Extension.swift"; sourceTree = "<group>"; };
		B90F03F52BCB219B000C1F8F /* String+Extension.swift */ = {isa = PBXFileReference; lastKnownFileType = sourcecode.swift; path = "String+Extension.swift"; sourceTree = "<group>"; };
		B90F03F92BCB46CA000C1F8F /* SettingsView.swift */ = {isa = PBXFileReference; lastKnownFileType = sourcecode.swift; path = SettingsView.swift; sourceTree = "<group>"; };
		B91CCD6E2BBFFC2500DB901C /* TokenTrend.app */ = {isa = PBXFileReference; explicitFileType = wrapper.application; includeInIndex = 0; path = TokenTrend.app; sourceTree = BUILT_PRODUCTS_DIR; };
		B91CCD712BBFFC2500DB901C /* TokenTrendApp.swift */ = {isa = PBXFileReference; lastKnownFileType = sourcecode.swift; path = TokenTrendApp.swift; sourceTree = "<group>"; };
		B91CCD732BBFFC2500DB901C /* ContentView.swift */ = {isa = PBXFileReference; lastKnownFileType = sourcecode.swift; path = ContentView.swift; sourceTree = "<group>"; };
		B91CCD752BBFFC2700DB901C /* Assets.xcassets */ = {isa = PBXFileReference; lastKnownFileType = folder.assetcatalog; path = Assets.xcassets; sourceTree = "<group>"; };
		B91CCD782BBFFC2700DB901C /* Preview Assets.xcassets */ = {isa = PBXFileReference; lastKnownFileType = folder.assetcatalog; path = "Preview Assets.xcassets"; sourceTree = "<group>"; };
		B99768642BCB5CF000246617 /* LaunchScreen.storyboard */ = {isa = PBXFileReference; lastKnownFileType = file.storyboard; path = LaunchScreen.storyboard; sourceTree = "<group>"; };
		B99768662BCB600A00246617 /* LaunchView.swift */ = {isa = PBXFileReference; lastKnownFileType = sourcecode.swift; path = LaunchView.swift; sourceTree = "<group>"; };
		B9A8B1922BC4C04500D27DA1 /* CoinImageView.swift */ = {isa = PBXFileReference; lastKnownFileType = sourcecode.swift; path = CoinImageView.swift; sourceTree = "<group>"; };
		B9A8B1942BC4C1F000D27DA1 /* CoinImageService.swift */ = {isa = PBXFileReference; lastKnownFileType = sourcecode.swift; path = CoinImageService.swift; sourceTree = "<group>"; };
		B9A8B1962BC4C4A700D27DA1 /* CoinImageViewModel.swift */ = {isa = PBXFileReference; lastKnownFileType = sourcecode.swift; path = CoinImageViewModel.swift; sourceTree = "<group>"; };
		B9E81BB02BC3A12900469622 /* Color+Extension.swift */ = {isa = PBXFileReference; lastKnownFileType = sourcecode.swift; path = "Color+Extension.swift"; sourceTree = "<group>"; };
		B9E81BB62BC3B2B700469622 /* HomeView.swift */ = {isa = PBXFileReference; lastKnownFileType = sourcecode.swift; path = HomeView.swift; sourceTree = "<group>"; };
		B9E81BB92BC3B6B700469622 /* CircleButtonView.swift */ = {isa = PBXFileReference; lastKnownFileType = sourcecode.swift; path = CircleButtonView.swift; sourceTree = "<group>"; };
		B9E81BBB2BC3C11C00469622 /* CircleButtonViewAnimation.swift */ = {isa = PBXFileReference; lastKnownFileType = sourcecode.swift; path = CircleButtonViewAnimation.swift; sourceTree = "<group>"; };
		B9E81BC02BC3C72400469622 /* Coin.swift */ = {isa = PBXFileReference; lastKnownFileType = sourcecode.swift; path = Coin.swift; sourceTree = "<group>"; };
		B9E81BC22BC3D0EB00469622 /* CoinRowView.swift */ = {isa = PBXFileReference; lastKnownFileType = sourcecode.swift; path = CoinRowView.swift; sourceTree = "<group>"; };
		B9E81BC42BC3D13700469622 /* PreviewProvider+Extension.swift */ = {isa = PBXFileReference; lastKnownFileType = sourcecode.swift; path = "PreviewProvider+Extension.swift"; sourceTree = "<group>"; };
		B9E81BC62BC3D4A900469622 /* MockCoin.swift */ = {isa = PBXFileReference; lastKnownFileType = sourcecode.swift; path = MockCoin.swift; sourceTree = "<group>"; };
		B9E81BC92BC3DD8200469622 /* Double+Extension.swift */ = {isa = PBXFileReference; lastKnownFileType = sourcecode.swift; path = "Double+Extension.swift"; sourceTree = "<group>"; };
		B9E81BCB2BC3E96F00469622 /* HomeViewModel.swift */ = {isa = PBXFileReference; lastKnownFileType = sourcecode.swift; path = HomeViewModel.swift; sourceTree = "<group>"; };
		B9E81BCE2BC3EF0500469622 /* CoinDataService.swift */ = {isa = PBXFileReference; lastKnownFileType = sourcecode.swift; path = CoinDataService.swift; sourceTree = "<group>"; };
		B9E81BD12BC4AF8600469622 /* NetworkingManager.swift */ = {isa = PBXFileReference; lastKnownFileType = sourcecode.swift; path = NetworkingManager.swift; sourceTree = "<group>"; };
/* End PBXFileReference section */

/* Begin PBXFrameworksBuildPhase section */
		B91CCD6B2BBFFC2500DB901C /* Frameworks */ = {
			isa = PBXFrameworksBuildPhase;
			buildActionMask = 2147483647;
			files = (
			);
			runOnlyForDeploymentPostprocessing = 0;
		};
/* End PBXFrameworksBuildPhase section */

/* Begin PBXGroup section */
		B90F03E62BC933EE000C1F8F /* Detail */ = {
			isa = PBXGroup;
			children = (
				B90F03E82BC93405000C1F8F /* ViewModels */,
				B90F03E72BC933FB000C1F8F /* Views */,
			);
			path = Detail;
			sourceTree = "<group>";
		};
		B90F03E72BC933FB000C1F8F /* Views */ = {
			isa = PBXGroup;
			children = (
				B90F03E92BC9341A000C1F8F /* DetailView.swift */,
				B90F03F12BCA24AD000C1F8F /* ChartView.swift */,
			);
			path = Views;
			sourceTree = "<group>";
		};
		B90F03E82BC93405000C1F8F /* ViewModels */ = {
			isa = PBXGroup;
			children = (
				B90F03ED2BC94E92000C1F8F /* DetailViewModel.swift */,
			);
			path = ViewModels;
			sourceTree = "<group>";
		};
		B90F03F72BCB46AC000C1F8F /* Settings */ = {
			isa = PBXGroup;
			children = (
				B90F03F82BCB46B7000C1F8F /* Views */,
			);
			path = Settings;
			sourceTree = "<group>";
		};
		B90F03F82BCB46B7000C1F8F /* Views */ = {
			isa = PBXGroup;
			children = (
				B90F03F92BCB46CA000C1F8F /* SettingsView.swift */,
			);
			path = Views;
			sourceTree = "<group>";
		};
		B91CCD652BBFFC2500DB901C = {
			isa = PBXGroup;
			children = (
				B91CCD702BBFFC2500DB901C /* TokenTrend */,
				B91CCD6F2BBFFC2500DB901C /* Products */,
			);
			sourceTree = "<group>";
		};
		B91CCD6F2BBFFC2500DB901C /* Products */ = {
			isa = PBXGroup;
			children = (
				B91CCD6E2BBFFC2500DB901C /* TokenTrend.app */,
			);
			name = Products;
			sourceTree = "<group>";
		};
		B91CCD702BBFFC2500DB901C /* TokenTrend */ = {
			isa = PBXGroup;
			children = (
				B91CCD712BBFFC2500DB901C /* TokenTrendApp.swift */,
				B91CCD732BBFFC2500DB901C /* ContentView.swift */,
				B9E81BD02BC4AF6200469622 /* Utilities */,
				B9E81BAF2BC3A06F00469622 /* Extensions */,
				B9E81BCD2BC3EEF300469622 /* Services */,
				B9E81BBF2BC3C71600469622 /* Models */,
				B9E81BC82BC3D58700469622 /* Mocks */,
				B9E81BB22BC3B25D00469622 /* Core */,
				B91CCD752BBFFC2700DB901C /* Assets.xcassets */,
				B91CCD772BBFFC2700DB901C /* Preview Content */,
			);
			path = TokenTrend;
			sourceTree = "<group>";
		};
		B91CCD772BBFFC2700DB901C /* Preview Content */ = {
			isa = PBXGroup;
			children = (
				B91CCD782BBFFC2700DB901C /* Preview Assets.xcassets */,
			);
			path = "Preview Content";
			sourceTree = "<group>";
		};
		B99768632BCB5CDD00246617 /* Launch */ = {
			isa = PBXGroup;
			children = (
				B99768642BCB5CF000246617 /* LaunchScreen.storyboard */,
				B99768662BCB600A00246617 /* LaunchView.swift */,
			);
			path = Launch;
			sourceTree = "<group>";
		};
		B9A8B1902BC4C00700D27DA1 /* CircleButton */ = {
			isa = PBXGroup;
			children = (
				B9E81BB92BC3B6B700469622 /* CircleButtonView.swift */,
				B9E81BBB2BC3C11C00469622 /* CircleButtonViewAnimation.swift */,
				B90F03DD2BC7D16E000C1F8F /* CoinChipView.swift */,
			);
			path = CircleButton;
			sourceTree = "<group>";
		};
		B9A8B1912BC4C01900D27DA1 /* CoinImage */ = {
			isa = PBXGroup;
			children = (
				B9A8B1922BC4C04500D27DA1 /* CoinImageView.swift */,
				B9A8B1962BC4C4A700D27DA1 /* CoinImageViewModel.swift */,
			);
			path = CoinImage;
			sourceTree = "<group>";
		};
		B9E81BAF2BC3A06F00469622 /* Extensions */ = {
			isa = PBXGroup;
			children = (
				B9E81BB02BC3A12900469622 /* Color+Extension.swift */,
				B9E81BC42BC3D13700469622 /* PreviewProvider+Extension.swift */,
				B9E81BC92BC3DD8200469622 /* Double+Extension.swift */,
				B90F03C72BC791B3000C1F8F /* UIApplication+Extension.swift */,
				B90F03F32BCA2DF7000C1F8F /* Date+Extension.swift */,
				B90F03F52BCB219B000C1F8F /* String+Extension.swift */,
			);
			path = Extensions;
			sourceTree = "<group>";
		};
		B9E81BB22BC3B25D00469622 /* Core */ = {
			isa = PBXGroup;
			children = (
				B9E81BB82BC3B69800469622 /* Components */,
				B99768632BCB5CDD00246617 /* Launch */,
				B9E81BB32BC3B26100469622 /* Home */,
				B90F03E62BC933EE000C1F8F /* Detail */,
				B90F03F72BCB46AC000C1F8F /* Settings */,
			);
			path = Core;
			sourceTree = "<group>";
		};
		B9E81BB32BC3B26100469622 /* Home */ = {
			isa = PBXGroup;
			children = (
				B9E81BB52BC3B26B00469622 /* ViewModels */,
				B9E81BB42BC3B26500469622 /* Views */,
			);
			path = Home;
			sourceTree = "<group>";
		};
		B9E81BB42BC3B26500469622 /* Views */ = {
			isa = PBXGroup;
			children = (
				B9E81BB62BC3B2B700469622 /* HomeView.swift */,
				B9E81BC22BC3D0EB00469622 /* CoinRowView.swift */,
				B90F03CF2BC79F6B000C1F8F /* HomeStatisticsView.swift */,
				B90F03D92BC7C71E000C1F8F /* AddEditPortfolioView.swift */,
			);
			path = Views;
			sourceTree = "<group>";
		};
		B9E81BB52BC3B26B00469622 /* ViewModels */ = {
			isa = PBXGroup;
			children = (
				B9E81BCB2BC3E96F00469622 /* HomeViewModel.swift */,
			);
			path = ViewModels;
			sourceTree = "<group>";
		};
		B9E81BB82BC3B69800469622 /* Components */ = {
			isa = PBXGroup;
			children = (
				B9A8B1912BC4C01900D27DA1 /* CoinImage */,
				B9A8B1902BC4C00700D27DA1 /* CircleButton */,
				B90F03C52BC784E2000C1F8F /* SearchBarView.swift */,
				B90F03CB2BC79B2F000C1F8F /* StatisticView.swift */,
				B90F03DB2BC7CB02000C1F8F /* XMarkButtonView.swift */,
			);
			path = Components;
			sourceTree = "<group>";
		};
		B9E81BBF2BC3C71600469622 /* Models */ = {
			isa = PBXGroup;
			children = (
				B9E81BC02BC3C72400469622 /* Coin.swift */,
				B90F03C92BC79A4F000C1F8F /* Statistic.swift */,
				B90F03D52BC7B320000C1F8F /* MarketData.swift */,
				B90F03EB2BC94B7C000C1F8F /* CoinDetail.swift */,
				B90F03DF2BC90198000C1F8F /* PortfolioContainer.xcdatamodeld */,
			);
			path = Models;
			sourceTree = "<group>";
		};
		B9E81BC82BC3D58700469622 /* Mocks */ = {
			isa = PBXGroup;
			children = (
				B9E81BC62BC3D4A900469622 /* MockCoin.swift */,
				B90F03CD2BC79B67000C1F8F /* MockStatistic.swift */,
			);
			path = Mocks;
			sourceTree = "<group>";
		};
		B9E81BCD2BC3EEF300469622 /* Services */ = {
			isa = PBXGroup;
			children = (
				B9E81BCE2BC3EF0500469622 /* CoinDataService.swift */,
				B9A8B1942BC4C1F000D27DA1 /* CoinImageService.swift */,
				B90F03D72BC7B995000C1F8F /* MarketDataService.swift */,
				B90F03E22BC9020C000C1F8F /* PortfolioDataService.swift */,
				B90F03EF2BC94EA7000C1F8F /* CoinDetailDataService.swift */,
			);
			path = Services;
			sourceTree = "<group>";
		};
		B9E81BD02BC4AF6200469622 /* Utilities */ = {
			isa = PBXGroup;
			children = (
				B9E81BD12BC4AF8600469622 /* NetworkingManager.swift */,
				B90F03C32BC735D7000C1F8F /* LocalFileManager.swift */,
				B90F03E42BC91CF1000C1F8F /* HapticManager.swift */,
			);
			path = Utilities;
			sourceTree = "<group>";
		};
/* End PBXGroup section */

/* Begin PBXNativeTarget section */
		B91CCD6D2BBFFC2500DB901C /* TokenTrend */ = {
			isa = PBXNativeTarget;
			buildConfigurationList = B91CCD7C2BBFFC2700DB901C /* Build configuration list for PBXNativeTarget "TokenTrend" */;
			buildPhases = (
				B91CCD6A2BBFFC2500DB901C /* Sources */,
				B91CCD6B2BBFFC2500DB901C /* Frameworks */,
				B91CCD6C2BBFFC2500DB901C /* Resources */,
			);
			buildRules = (
			);
			dependencies = (
			);
			name = TokenTrend;
			productName = TokenTrend;
			productReference = B91CCD6E2BBFFC2500DB901C /* TokenTrend.app */;
			productType = "com.apple.product-type.application";
		};
/* End PBXNativeTarget section */

/* Begin PBXProject section */
		B91CCD662BBFFC2500DB901C /* Project object */ = {
			isa = PBXProject;
			attributes = {
				BuildIndependentTargetsInParallel = 1;
				LastSwiftUpdateCheck = 1530;
				LastUpgradeCheck = 1530;
				TargetAttributes = {
					B91CCD6D2BBFFC2500DB901C = {
						CreatedOnToolsVersion = 15.3;
					};
				};
			};
			buildConfigurationList = B91CCD692BBFFC2500DB901C /* Build configuration list for PBXProject "TokenTrend" */;
			compatibilityVersion = "Xcode 14.0";
			developmentRegion = en;
			hasScannedForEncodings = 0;
			knownRegions = (
				en,
				Base,
			);
			mainGroup = B91CCD652BBFFC2500DB901C;
			productRefGroup = B91CCD6F2BBFFC2500DB901C /* Products */;
			projectDirPath = "";
			projectRoot = "";
			targets = (
				B91CCD6D2BBFFC2500DB901C /* TokenTrend */,
			);
		};
/* End PBXProject section */

/* Begin PBXResourcesBuildPhase section */
		B91CCD6C2BBFFC2500DB901C /* Resources */ = {
			isa = PBXResourcesBuildPhase;
			buildActionMask = 2147483647;
			files = (
				B99768652BCB5CF000246617 /* LaunchScreen.storyboard in Resources */,
				B91CCD792BBFFC2700DB901C /* Preview Assets.xcassets in Resources */,
				B91CCD762BBFFC2700DB901C /* Assets.xcassets in Resources */,
			);
			runOnlyForDeploymentPostprocessing = 0;
		};
/* End PBXResourcesBuildPhase section */

/* Begin PBXSourcesBuildPhase section */
		B91CCD6A2BBFFC2500DB901C /* Sources */ = {
			isa = PBXSourcesBuildPhase;
			buildActionMask = 2147483647;
			files = (
				B90F03DA2BC7C71E000C1F8F /* AddEditPortfolioView.swift in Sources */,
				B9E81BC72BC3D4A900469622 /* MockCoin.swift in Sources */,
				B90F03E52BC91CF1000C1F8F /* HapticManager.swift in Sources */,
				B9E81BC32BC3D0EB00469622 /* CoinRowView.swift in Sources */,
				B90F03DC2BC7CB02000C1F8F /* XMarkButtonView.swift in Sources */,
				B9E81BB12BC3A12900469622 /* Color+Extension.swift in Sources */,
				B90F03CE2BC79B67000C1F8F /* MockStatistic.swift in Sources */,
				B90F03D62BC7B320000C1F8F /* MarketData.swift in Sources */,
				B9E81BB72BC3B2B700469622 /* HomeView.swift in Sources */,
				B90F03E32BC9020C000C1F8F /* PortfolioDataService.swift in Sources */,
				B90F03E12BC90198000C1F8F /* PortfolioContainer.xcdatamodeld in Sources */,
				B90F03EC2BC94B7C000C1F8F /* CoinDetail.swift in Sources */,
				B90F03DE2BC7D16E000C1F8F /* CoinChipView.swift in Sources */,
				B99768672BCB600A00246617 /* LaunchView.swift in Sources */,
				B91CCD742BBFFC2500DB901C /* ContentView.swift in Sources */,
				B9E81BCF2BC3EF0500469622 /* CoinDataService.swift in Sources */,
				B9E81BCA2BC3DD8200469622 /* Double+Extension.swift in Sources */,
				B90F03CA2BC79A50000C1F8F /* Statistic.swift in Sources */,
				B90F03F42BCA2DF7000C1F8F /* Date+Extension.swift in Sources */,
				B90F03EA2BC9341A000C1F8F /* DetailView.swift in Sources */,
				B90F03F62BCB219B000C1F8F /* String+Extension.swift in Sources */,
				B9E81BC52BC3D13700469622 /* PreviewProvider+Extension.swift in Sources */,
				B90F03CC2BC79B2F000C1F8F /* StatisticView.swift in Sources */,
				B9A8B1972BC4C4A700D27DA1 /* CoinImageViewModel.swift in Sources */,
				B90F03D82BC7B995000C1F8F /* MarketDataService.swift in Sources */,
				B90F03F22BCA24AD000C1F8F /* ChartView.swift in Sources */,
				B90F03FA2BCB46CA000C1F8F /* SettingsView.swift in Sources */,
				B9E81BCC2BC3E96F00469622 /* HomeViewModel.swift in Sources */,
				B90F03EE2BC94E92000C1F8F /* DetailViewModel.swift in Sources */,
				B9E81BBC2BC3C11C00469622 /* CircleButtonViewAnimation.swift in Sources */,
				B90F03C42BC735D7000C1F8F /* LocalFileManager.swift in Sources */,
				B90F03C62BC784E2000C1F8F /* SearchBarView.swift in Sources */,
				B9E81BBA2BC3B6B700469622 /* CircleButtonView.swift in Sources */,
				B9A8B1932BC4C04500D27DA1 /* CoinImageView.swift in Sources */,
				B90F03D02BC79F6B000C1F8F /* HomeStatisticsView.swift in Sources */,
				B91CCD722BBFFC2500DB901C /* TokenTrendApp.swift in Sources */,
				B90F03F02BC94EA7000C1F8F /* CoinDetailDataService.swift in Sources */,
				B9E81BC12BC3C72400469622 /* Coin.swift in Sources */,
				B9A8B1952BC4C1F000D27DA1 /* CoinImageService.swift in Sources */,
				B90F03C82BC791B3000C1F8F /* UIApplication+Extension.swift in Sources */,
				B9E81BD22BC4AF8700469622 /* NetworkingManager.swift in Sources */,
			);
			runOnlyForDeploymentPostprocessing = 0;
		};
/* End PBXSourcesBuildPhase section */

/* Begin XCBuildConfiguration section */
		B91CCD7A2BBFFC2700DB901C /* Debug */ = {
			isa = XCBuildConfiguration;
			buildSettings = {
				ALWAYS_SEARCH_USER_PATHS = NO;
				ASSETCATALOG_COMPILER_GENERATE_SWIFT_ASSET_SYMBOL_EXTENSIONS = YES;
				CLANG_ANALYZER_NONNULL = YES;
				CLANG_ANALYZER_NUMBER_OBJECT_CONVERSION = YES_AGGRESSIVE;
				CLANG_CXX_LANGUAGE_STANDARD = "gnu++20";
				CLANG_ENABLE_MODULES = YES;
				CLANG_ENABLE_OBJC_ARC = YES;
				CLANG_ENABLE_OBJC_WEAK = YES;
				CLANG_WARN_BLOCK_CAPTURE_AUTORELEASING = YES;
				CLANG_WARN_BOOL_CONVERSION = YES;
				CLANG_WARN_COMMA = YES;
				CLANG_WARN_CONSTANT_CONVERSION = YES;
				CLANG_WARN_DEPRECATED_OBJC_IMPLEMENTATIONS = YES;
				CLANG_WARN_DIRECT_OBJC_ISA_USAGE = YES_ERROR;
				CLANG_WARN_DOCUMENTATION_COMMENTS = YES;
				CLANG_WARN_EMPTY_BODY = YES;
				CLANG_WARN_ENUM_CONVERSION = YES;
				CLANG_WARN_INFINITE_RECURSION = YES;
				CLANG_WARN_INT_CONVERSION = YES;
				CLANG_WARN_NON_LITERAL_NULL_CONVERSION = YES;
				CLANG_WARN_OBJC_IMPLICIT_RETAIN_SELF = YES;
				CLANG_WARN_OBJC_LITERAL_CONVERSION = YES;
				CLANG_WARN_OBJC_ROOT_CLASS = YES_ERROR;
				CLANG_WARN_QUOTED_INCLUDE_IN_FRAMEWORK_HEADER = YES;
				CLANG_WARN_RANGE_LOOP_ANALYSIS = YES;
				CLANG_WARN_STRICT_PROTOTYPES = YES;
				CLANG_WARN_SUSPICIOUS_MOVE = YES;
				CLANG_WARN_UNGUARDED_AVAILABILITY = YES_AGGRESSIVE;
				CLANG_WARN_UNREACHABLE_CODE = YES;
				CLANG_WARN__DUPLICATE_METHOD_MATCH = YES;
				COPY_PHASE_STRIP = NO;
				DEBUG_INFORMATION_FORMAT = dwarf;
				ENABLE_STRICT_OBJC_MSGSEND = YES;
				ENABLE_TESTABILITY = YES;
				ENABLE_USER_SCRIPT_SANDBOXING = YES;
				GCC_C_LANGUAGE_STANDARD = gnu17;
				GCC_DYNAMIC_NO_PIC = NO;
				GCC_NO_COMMON_BLOCKS = YES;
				GCC_OPTIMIZATION_LEVEL = 0;
				GCC_PREPROCESSOR_DEFINITIONS = (
					"DEBUG=1",
					"$(inherited)",
				);
				GCC_WARN_64_TO_32_BIT_CONVERSION = YES;
				GCC_WARN_ABOUT_RETURN_TYPE = YES_ERROR;
				GCC_WARN_UNDECLARED_SELECTOR = YES;
				GCC_WARN_UNINITIALIZED_AUTOS = YES_AGGRESSIVE;
				GCC_WARN_UNUSED_FUNCTION = YES;
				GCC_WARN_UNUSED_VARIABLE = YES;
				IPHONEOS_DEPLOYMENT_TARGET = 17.4;
				LOCALIZATION_PREFERS_STRING_CATALOGS = YES;
				MTL_ENABLE_DEBUG_INFO = INCLUDE_SOURCE;
				MTL_FAST_MATH = YES;
				ONLY_ACTIVE_ARCH = YES;
				SDKROOT = iphoneos;
				SWIFT_ACTIVE_COMPILATION_CONDITIONS = "DEBUG $(inherited)";
				SWIFT_OPTIMIZATION_LEVEL = "-Onone";
			};
			name = Debug;
		};
		B91CCD7B2BBFFC2700DB901C /* Release */ = {
			isa = XCBuildConfiguration;
			buildSettings = {
				ALWAYS_SEARCH_USER_PATHS = NO;
				ASSETCATALOG_COMPILER_GENERATE_SWIFT_ASSET_SYMBOL_EXTENSIONS = YES;
				CLANG_ANALYZER_NONNULL = YES;
				CLANG_ANALYZER_NUMBER_OBJECT_CONVERSION = YES_AGGRESSIVE;
				CLANG_CXX_LANGUAGE_STANDARD = "gnu++20";
				CLANG_ENABLE_MODULES = YES;
				CLANG_ENABLE_OBJC_ARC = YES;
				CLANG_ENABLE_OBJC_WEAK = YES;
				CLANG_WARN_BLOCK_CAPTURE_AUTORELEASING = YES;
				CLANG_WARN_BOOL_CONVERSION = YES;
				CLANG_WARN_COMMA = YES;
				CLANG_WARN_CONSTANT_CONVERSION = YES;
				CLANG_WARN_DEPRECATED_OBJC_IMPLEMENTATIONS = YES;
				CLANG_WARN_DIRECT_OBJC_ISA_USAGE = YES_ERROR;
				CLANG_WARN_DOCUMENTATION_COMMENTS = YES;
				CLANG_WARN_EMPTY_BODY = YES;
				CLANG_WARN_ENUM_CONVERSION = YES;
				CLANG_WARN_INFINITE_RECURSION = YES;
				CLANG_WARN_INT_CONVERSION = YES;
				CLANG_WARN_NON_LITERAL_NULL_CONVERSION = YES;
				CLANG_WARN_OBJC_IMPLICIT_RETAIN_SELF = YES;
				CLANG_WARN_OBJC_LITERAL_CONVERSION = YES;
				CLANG_WARN_OBJC_ROOT_CLASS = YES_ERROR;
				CLANG_WARN_QUOTED_INCLUDE_IN_FRAMEWORK_HEADER = YES;
				CLANG_WARN_RANGE_LOOP_ANALYSIS = YES;
				CLANG_WARN_STRICT_PROTOTYPES = YES;
				CLANG_WARN_SUSPICIOUS_MOVE = YES;
				CLANG_WARN_UNGUARDED_AVAILABILITY = YES_AGGRESSIVE;
				CLANG_WARN_UNREACHABLE_CODE = YES;
				CLANG_WARN__DUPLICATE_METHOD_MATCH = YES;
				COPY_PHASE_STRIP = NO;
				DEBUG_INFORMATION_FORMAT = "dwarf-with-dsym";
				ENABLE_NS_ASSERTIONS = NO;
				ENABLE_STRICT_OBJC_MSGSEND = YES;
				ENABLE_USER_SCRIPT_SANDBOXING = YES;
				GCC_C_LANGUAGE_STANDARD = gnu17;
				GCC_NO_COMMON_BLOCKS = YES;
				GCC_WARN_64_TO_32_BIT_CONVERSION = YES;
				GCC_WARN_ABOUT_RETURN_TYPE = YES_ERROR;
				GCC_WARN_UNDECLARED_SELECTOR = YES;
				GCC_WARN_UNINITIALIZED_AUTOS = YES_AGGRESSIVE;
				GCC_WARN_UNUSED_FUNCTION = YES;
				GCC_WARN_UNUSED_VARIABLE = YES;
				IPHONEOS_DEPLOYMENT_TARGET = 17.4;
				LOCALIZATION_PREFERS_STRING_CATALOGS = YES;
				MTL_ENABLE_DEBUG_INFO = NO;
				MTL_FAST_MATH = YES;
				SDKROOT = iphoneos;
				SWIFT_COMPILATION_MODE = wholemodule;
				VALIDATE_PRODUCT = YES;
			};
			name = Release;
		};
		B91CCD7D2BBFFC2700DB901C /* Debug */ = {
			isa = XCBuildConfiguration;
			buildSettings = {
				ASSETCATALOG_COMPILER_APPICON_NAME = AppIcon;
				ASSETCATALOG_COMPILER_GLOBAL_ACCENT_COLOR_NAME = AccentColor;
				CODE_SIGN_STYLE = Automatic;
				CURRENT_PROJECT_VERSION = 1;
				DEVELOPMENT_ASSET_PATHS = "\"TokenTrend/Preview Content\"";
				DEVELOPMENT_TEAM = YV8PDCP6NZ;
				ENABLE_PREVIEWS = YES;
				GENERATE_INFOPLIST_FILE = YES;
				INFOPLIST_KEY_CFBundleDisplayName = "Token Trend";
				INFOPLIST_KEY_UIApplicationSceneManifest_Generation = YES;
				INFOPLIST_KEY_UIApplicationSupportsIndirectInputEvents = YES;
				INFOPLIST_KEY_UILaunchScreen_Generation = YES;
				INFOPLIST_KEY_UILaunchStoryboardName = LaunchScreen.storyboard;
				INFOPLIST_KEY_UIRequiresFullScreen = YES;
				INFOPLIST_KEY_UISupportedInterfaceOrientations = UIInterfaceOrientationPortrait;
				LD_RUNPATH_SEARCH_PATHS = (
					"$(inherited)",
					"@executable_path/Frameworks",
				);
				MARKETING_VERSION = 1.0;
				PRODUCT_BUNDLE_IDENTIFIER = com.example.TokenTrend;
				PRODUCT_NAME = "$(TARGET_NAME)";
				SUPPORTED_PLATFORMS = "iphoneos iphonesimulator";
				SUPPORTS_MACCATALYST = NO;
				SUPPORTS_MAC_DESIGNED_FOR_IPHONE_IPAD = NO;
				SUPPORTS_XR_DESIGNED_FOR_IPHONE_IPAD = NO;
				SWIFT_EMIT_LOC_STRINGS = YES;
				SWIFT_VERSION = 5.0;
				TARGETED_DEVICE_FAMILY = 1;
			};
			name = Debug;
		};
		B91CCD7E2BBFFC2700DB901C /* Release */ = {
			isa = XCBuildConfiguration;
			buildSettings = {
				ASSETCATALOG_COMPILER_APPICON_NAME = AppIcon;
				ASSETCATALOG_COMPILER_GLOBAL_ACCENT_COLOR_NAME = AccentColor;
				CODE_SIGN_STYLE = Automatic;
				CURRENT_PROJECT_VERSION = 1;
				DEVELOPMENT_ASSET_PATHS = "\"TokenTrend/Preview Content\"";
				DEVELOPMENT_TEAM = YV8PDCP6NZ;
				ENABLE_PREVIEWS = YES;
				GENERATE_INFOPLIST_FILE = YES;
				INFOPLIST_KEY_CFBundleDisplayName = "Token Trend";
				INFOPLIST_KEY_UIApplicationSceneManifest_Generation = YES;
				INFOPLIST_KEY_UIApplicationSupportsIndirectInputEvents = YES;
				INFOPLIST_KEY_UILaunchScreen_Generation = YES;
				INFOPLIST_KEY_UILaunchStoryboardName = LaunchScreen.storyboard;
				INFOPLIST_KEY_UIRequiresFullScreen = YES;
				INFOPLIST_KEY_UISupportedInterfaceOrientations = UIInterfaceOrientationPortrait;
				LD_RUNPATH_SEARCH_PATHS = (
					"$(inherited)",
					"@executable_path/Frameworks",
				);
				MARKETING_VERSION = 1.0;
				PRODUCT_BUNDLE_IDENTIFIER = com.example.TokenTrend;
				PRODUCT_NAME = "$(TARGET_NAME)";
				SUPPORTED_PLATFORMS = "iphoneos iphonesimulator";
				SUPPORTS_MACCATALYST = NO;
				SUPPORTS_MAC_DESIGNED_FOR_IPHONE_IPAD = NO;
				SUPPORTS_XR_DESIGNED_FOR_IPHONE_IPAD = NO;
				SWIFT_EMIT_LOC_STRINGS = YES;
				SWIFT_VERSION = 5.0;
				TARGETED_DEVICE_FAMILY = 1;
			};
			name = Release;
		};
/* End XCBuildConfiguration section */

/* Begin XCConfigurationList section */
		B91CCD692BBFFC2500DB901C /* Build configuration list for PBXProject "TokenTrend" */ = {
			isa = XCConfigurationList;
			buildConfigurations = (
				B91CCD7A2BBFFC2700DB901C /* Debug */,
				B91CCD7B2BBFFC2700DB901C /* Release */,
			);
			defaultConfigurationIsVisible = 0;
			defaultConfigurationName = Release;
		};
		B91CCD7C2BBFFC2700DB901C /* Build configuration list for PBXNativeTarget "TokenTrend" */ = {
			isa = XCConfigurationList;
			buildConfigurations = (
				B91CCD7D2BBFFC2700DB901C /* Debug */,
				B91CCD7E2BBFFC2700DB901C /* Release */,
			);
			defaultConfigurationIsVisible = 0;
			defaultConfigurationName = Release;
		};
/* End XCConfigurationList section */

/* Begin XCVersionGroup section */
		B90F03DF2BC90198000C1F8F /* PortfolioContainer.xcdatamodeld */ = {
			isa = XCVersionGroup;
			children = (
				B90F03E02BC90198000C1F8F /* PortfolioContainer.xcdatamodel */,
			);
			currentVersion = B90F03E02BC90198000C1F8F /* PortfolioContainer.xcdatamodel */;
			name = PortfolioContainer.xcdatamodeld;
			path = /Users/argh/PersonalProjects/Personal/iOS/SwifUI/TokenTrend/TokenTrend/Models/PortfolioContainer.xcdatamodeld;
			sourceTree = "<group>";
			versionGroupType = wrapper.xcdatamodel;
		};
/* End XCVersionGroup section */
	};
	rootObject = B91CCD662BBFFC2500DB901C /* Project object */;
}
